
Microsoft Visual Studio Solution File, Format Version 12.00
# Visual Studio 15
Project("{FAE04EC0-301F-11D3-BF4B-00C04F79EFBC}") = "TreeSearch", "TreeSearch.csproj", "{A88E0109-2068-42BC-85F3-D34A03EF0D48}"
EndProject
Project("{FAE04EC0-301F-11D3-BF4B-00C04F79EFBC}") = "TestTrees", "TestTrees\TestTrees.csproj", "{63DCCCFF-4FC0-44C9-899A-C3A2B9E44389}"
EndProject
Global
	GlobalSection(SolutionConfigurationPlatforms) = preSolution
		Debug|x86 = Debug|x86
		Release|x86 = Release|x86
	EndGlobalSection
	GlobalSection(ProjectConfigurationPlatforms) = postSolution
		{A88E0109-2068-42BC-85F3-D34A03EF0D48}.Debug|x86.ActiveCfg = Debug|x86
		{A88E0109-2068-42BC-85F3-D34A03EF0D48}.Debug|x86.Build.0 = Debug|x86
		{A88E0109-2068-42BC-85F3-D34A03EF0D48}.Release|x86.ActiveCfg = Release|x86
		{A88E0109-2068-42BC-85F3-D34A03EF0D48}.Release|x86.Build.0 = Release|x86
		{63DCCCFF-4FC0-44C9-899A-C3A2B9E44389}.Debug|x86.ActiveCfg = Debug|Any CPU
		{63DCCCFF-4FC0-44C9-899A-C3A2B9E44389}.Debug|x86.Build.0 = Debug|Any CPU
		{63DCCCFF-4FC0-44C9-899A-C3A2B9E44389}.Release|x86.ActiveCfg = Release|Any CPU
		{63DCCCFF-4FC0-44C9-899A-C3A2B9E44389}.Release|x86.Build.0 = Release|Any CPU
	EndGlobalSection
EndGlobal
